
Microsoft Visual Studio Solution File, Format Version 12.00
# Visual Studio Version 16
VisualStudioVersion = 16.0.28803.156
MinimumVisualStudioVersion = 10.0.40219.1
Project("{FAE04EC0-301F-11D3-BF4B-00C04F79EFBC}") = "WindowsFormsApp1", "WindowsFormsApp1\WindowsFormsApp1.csproj", "{E70A7744-D8F0-4CBD-AE4A-B44C9159DA0F}"
EndProject
Global
	GlobalSection(SolutionConfigurationPlatforms) = preSolution
		Debug|Any CPU = Debug|Any CPU
		Release|Any CPU = Release|Any CPU
	EndGlobalSection
	GlobalSection(ProjectConfigurationPlatforms) = postSolution
		{E70A7744-D8F0-4CBD-AE4A-B44C9159DA0F}.Debug|Any CPU.ActiveCfg = Debug|Any CPU
		{E70A7744-D8F0-4CBD-AE4A-B44C9159DA0F}.Debug|Any CPU.Build.0 = Debug|Any CPU
		{E70A7744-D8F0-4CBD-AE4A-B44C9159DA0F}.Release|Any CPU.ActiveCfg = Release|Any CPU
		{E70A7744-D8F0-4CBD-AE4A-B44C9159DA0F}.Release|Any CPU.Build.0 = Release|Any CPU
	EndGlobalSection
	GlobalSection(SolutionProperties) = preSolution
		HideSolutionNode = FALSE
	EndGlobalSection
	GlobalSection(ExtensibilityGlobals) = postSolution
		SolutionGuid = {1254263F-453A-4287-94DF-2B2B822BECDC}
	EndGlobalSection
EndGlobal
